
Microsoft Visual Studio Solution File, Format Version 12.00
# Visual Studio 15
VisualStudioVersion = 15.0.28307.421
MinimumVisualStudioVersion = 10.0.40219.1
Project("{FAE04EC0-301F-11D3-BF4B-00C04F79EFBC}") = "EmailService", "EmailService\EmailService.csproj", "{979935BA-57C6-43E8-A1C1-314711366EDE}"
EndProject
Project("{E53339B2-1760-4266-BCC7-CA923CBCF16C}") = "docker-compose", "docker-compose.dcproj", "{A9AA8C9A-BD09-4822-9F34-295BA29DFB6D}"
EndProject
Global
	GlobalSection(SolutionConfigurationPlatforms) = preSolution
		Debug|Any CPU = Debug|Any CPU
		Release|Any CPU = Release|Any CPU
	EndGlobalSection
	GlobalSection(ProjectConfigurationPlatforms) = postSolution
		{979935BA-57C6-43E8-A1C1-314711366EDE}.Debug|Any CPU.ActiveCfg = Debug|Any CPU
		{979935BA-57C6-43E8-A1C1-314711366EDE}.Debug|Any CPU.Build.0 = Debug|Any CPU
		{979935BA-57C6-43E8-A1C1-314711366EDE}.Release|Any CPU.ActiveCfg = Release|Any CPU
		{979935BA-57C6-43E8-A1C1-314711366EDE}.Release|Any CPU.Build.0 = Release|Any CPU
		{A9AA8C9A-BD09-4822-9F34-295BA29DFB6D}.Debug|Any CPU.ActiveCfg = Debug|Any CPU
		{A9AA8C9A-BD09-4822-9F34-295BA29DFB6D}.Debug|Any CPU.Build.0 = Debug|Any CPU
		{A9AA8C9A-BD09-4822-9F34-295BA29DFB6D}.Release|Any CPU.ActiveCfg = Release|Any CPU
		{A9AA8C9A-BD09-4822-9F34-295BA29DFB6D}.Release|Any CPU.Build.0 = Release|Any CPU
	EndGlobalSection
	GlobalSection(SolutionProperties) = preSolution
		HideSolutionNode = FALSE
	EndGlobalSection
	GlobalSection(ExtensibilityGlobals) = postSolution
		SolutionGuid = {6A22D2E3-DE17-4BD5-8D9F-C7DC4231849F}
	EndGlobalSection
EndGlobal
